
Microsoft Visual Studio Solution File, Format Version 12.00
# Visual Studio Version 16
VisualStudioVersion = 16.0.30709.132
MinimumVisualStudioVersion = 10.0.40219.1
Project("{2150E333-8FDC-42A3-9474-1A3956D46DE8}") = "Infrastructure", "Infrastructure", "{B23958A3-5F69-4407-8BDC-F645E92CCD9A}"
EndProject
Project("{2150E333-8FDC-42A3-9474-1A3956D46DE8}") = "DataAccess", "DataAccess", "{6790E7F7-495F-49AE-B124-CCEB4F4A3581}"
EndProject
Project("{9A19103F-16F7-4668-BE54-9A1E7A4F7556}") = "Infrastructure.DataAccess.EFDataAccess", "Infrastructure\DataAccess\EFDataAccess\Infrastructure.DataAccess.EFDataAccess.csproj", "{3118501A-876D-423C-BC57-46585F12C9D3}"
EndProject
Project("{2150E333-8FDC-42A3-9474-1A3956D46DE8}") = "Core", "Core", "{56FADA93-A183-4AB1-BF23-5D5A4E80432B}"
EndProject
Project("{9A19103F-16F7-4668-BE54-9A1E7A4F7556}") = "Domain", "Core\Domain\Domain.csproj", "{D7E7253C-1F62-485A-8E40-7A2117C273E8}"
EndProject
Project("{9A19103F-16F7-4668-BE54-9A1E7A4F7556}") = "ApplicationService", "Core\ApplicationService\ApplicationService.csproj", "{357C0EDE-4E22-43B4-A8BA-635100B29C6C}"
EndProject
Project("{2150E333-8FDC-42A3-9474-1A3956D46DE8}") = "Banks", "Banks", "{868C6692-2773-426E-9B87-C2D1D19F0D96}"
EndProject
Project("{9A19103F-16F7-4668-BE54-9A1E7A4F7556}") = "Banks.ApplicationServices", "Banks\ApplicationServices\Banks.ApplicationServices.csproj", "{669CE878-F421-4DEF-B646-0A4A97906175}"
EndProject
Project("{9A19103F-16F7-4668-BE54-9A1E7A4F7556}") = "Banks.ApplicationServiceInterfaces", "Banks\ApplicationServiceInterfaces\Banks.ApplicationServiceInterfaces.csproj", "{95764ABA-FB73-41B9-84EA-3DDA34FF7392}"
EndProject
Project("{2150E333-8FDC-42A3-9474-1A3956D46DE8}") = "Applications", "Applications", "{13E76249-F335-409A-B604-56D2834EA53C}"
EndProject
Project("{2150E333-8FDC-42A3-9474-1A3956D46DE8}") = "TestAndUtility", "TestAndUtility", "{CDB758B2-8D91-493D-B5A0-6C851C4D49C3}"
EndProject
Project("{9A19103F-16F7-4668-BE54-9A1E7A4F7556}") = "Applications.TestAndUtility.EFSQLRunner", "Applications\TestAndUtility\EFSQLRunner\EFSQLRunner\Applications.TestAndUtility.EFSQLRunner.csproj", "{CEF7925B-362F-4898-8C46-01BCEAF59162}"
EndProject
Project("{FAE04EC0-301F-11D3-BF4B-00C04F79EFBC}") = "WebClient", "Applications\WebClient\WebClient.csproj", "{85E641BC-B22E-4EEC-BC42-5224A41255F6}"
EndProject
Global
	GlobalSection(SolutionConfigurationPlatforms) = preSolution
		Debug|Any CPU = Debug|Any CPU
		Release|Any CPU = Release|Any CPU
	EndGlobalSection
	GlobalSection(ProjectConfigurationPlatforms) = postSolution
		{3118501A-876D-423C-BC57-46585F12C9D3}.Debug|Any CPU.ActiveCfg = Debug|Any CPU
		{3118501A-876D-423C-BC57-46585F12C9D3}.Debug|Any CPU.Build.0 = Debug|Any CPU
		{3118501A-876D-423C-BC57-46585F12C9D3}.Release|Any CPU.ActiveCfg = Release|Any CPU
		{3118501A-876D-423C-BC57-46585F12C9D3}.Release|Any CPU.Build.0 = Release|Any CPU
		{D7E7253C-1F62-485A-8E40-7A2117C273E8}.Debug|Any CPU.ActiveCfg = Debug|Any CPU
		{D7E7253C-1F62-485A-8E40-7A2117C273E8}.Debug|Any CPU.Build.0 = Debug|Any CPU
		{D7E7253C-1F62-485A-8E40-7A2117C273E8}.Release|Any CPU.ActiveCfg = Release|Any CPU
		{D7E7253C-1F62-485A-8E40-7A2117C273E8}.Release|Any CPU.Build.0 = Release|Any CPU
		{357C0EDE-4E22-43B4-A8BA-635100B29C6C}.Debug|Any CPU.ActiveCfg = Debug|Any CPU
		{357C0EDE-4E22-43B4-A8BA-635100B29C6C}.Debug|Any CPU.Build.0 = Debug|Any CPU
		{357C0EDE-4E22-43B4-A8BA-635100B29C6C}.Release|Any CPU.ActiveCfg = Release|Any CPU
		{357C0EDE-4E22-43B4-A8BA-635100B29C6C}.Release|Any CPU.Build.0 = Release|Any CPU
		{669CE878-F421-4DEF-B646-0A4A97906175}.Debug|Any CPU.ActiveCfg = Debug|Any CPU
		{669CE878-F421-4DEF-B646-0A4A97906175}.Debug|Any CPU.Build.0 = Debug|Any CPU
		{669CE878-F421-4DEF-B646-0A4A97906175}.Release|Any CPU.ActiveCfg = Release|Any CPU
		{669CE878-F421-4DEF-B646-0A4A97906175}.Release|Any CPU.Build.0 = Release|Any CPU
		{95764ABA-FB73-41B9-84EA-3DDA34FF7392}.Debug|Any CPU.ActiveCfg = Debug|Any CPU
		{95764ABA-FB73-41B9-84EA-3DDA34FF7392}.Debug|Any CPU.Build.0 = Debug|Any CPU
		{95764ABA-FB73-41B9-84EA-3DDA34FF7392}.Release|Any CPU.ActiveCfg = Release|Any CPU
		{95764ABA-FB73-41B9-84EA-3DDA34FF7392}.Release|Any CPU.Build.0 = Release|Any CPU
		{CEF7925B-362F-4898-8C46-01BCEAF59162}.Debug|Any CPU.ActiveCfg = Debug|Any CPU
		{CEF7925B-362F-4898-8C46-01BCEAF59162}.Debug|Any CPU.Build.0 = Debug|Any CPU
		{CEF7925B-362F-4898-8C46-01BCEAF59162}.Release|Any CPU.ActiveCfg = Release|Any CPU
		{CEF7925B-362F-4898-8C46-01BCEAF59162}.Release|Any CPU.Build.0 = Release|Any CPU
		{85E641BC-B22E-4EEC-BC42-5224A41255F6}.Debug|Any CPU.ActiveCfg = Debug|Any CPU
		{85E641BC-B22E-4EEC-BC42-5224A41255F6}.Debug|Any CPU.Build.0 = Debug|Any CPU
		{85E641BC-B22E-4EEC-BC42-5224A41255F6}.Release|Any CPU.ActiveCfg = Release|Any CPU
		{85E641BC-B22E-4EEC-BC42-5224A41255F6}.Release|Any CPU.Build.0 = Release|Any CPU
	EndGlobalSection
	GlobalSection(SolutionProperties) = preSolution
		HideSolutionNode = FALSE
	EndGlobalSection
	GlobalSection(NestedProjects) = preSolution
		{6790E7F7-495F-49AE-B124-CCEB4F4A3581} = {B23958A3-5F69-4407-8BDC-F645E92CCD9A}
		{3118501A-876D-423C-BC57-46585F12C9D3} = {6790E7F7-495F-49AE-B124-CCEB4F4A3581}
		{D7E7253C-1F62-485A-8E40-7A2117C273E8} = {56FADA93-A183-4AB1-BF23-5D5A4E80432B}
		{357C0EDE-4E22-43B4-A8BA-635100B29C6C} = {56FADA93-A183-4AB1-BF23-5D5A4E80432B}
		{669CE878-F421-4DEF-B646-0A4A97906175} = {868C6692-2773-426E-9B87-C2D1D19F0D96}
		{95764ABA-FB73-41B9-84EA-3DDA34FF7392} = {868C6692-2773-426E-9B87-C2D1D19F0D96}
		{CDB758B2-8D91-493D-B5A0-6C851C4D49C3} = {13E76249-F335-409A-B604-56D2834EA53C}
		{CEF7925B-362F-4898-8C46-01BCEAF59162} = {CDB758B2-8D91-493D-B5A0-6C851C4D49C3}
		{85E641BC-B22E-4EEC-BC42-5224A41255F6} = {13E76249-F335-409A-B604-56D2834EA53C}
	EndGlobalSection
	GlobalSection(ExtensibilityGlobals) = postSolution
		SolutionGuid = {6D4794A0-BE3D-409A-AD8F-DDDA4213DC83}
	EndGlobalSection
EndGlobal
